
Microsoft Visual Studio Solution File, Format Version 12.00
# Visual Studio Version 17
VisualStudioVersion = 17.9.34616.47
MinimumVisualStudioVersion = 10.0.40219.1
Project("{8BC9CEB8-8B4A-11D0-8D11-00A0C91BC942}") = "ConsoleApplication1", "ConsoleApplication1.vcxproj", "{7659A371-457B-4D53-B5E7-EE6E485EC349}"
EndProject
Project("{8BC9CEB8-8B4A-11D0-8D11-00A0C91BC942}") = "fungsiswich", "fungsiswich\fungsiswich.vcxproj", "{5F1346A2-7325-44F6-9E03-1598FC494C0F}"
EndProject
Global
	GlobalSection(SolutionConfigurationPlatforms) = preSolution
		Debug|x64 = Debug|x64
		Debug|x86 = Debug|x86
		Release|x64 = Release|x64
		Release|x86 = Release|x86
	EndGlobalSection
	GlobalSection(ProjectConfigurationPlatforms) = postSolution
		{7659A371-457B-4D53-B5E7-EE6E485EC349}.Debug|x64.ActiveCfg = Debug|x64
		{7659A371-457B-4D53-B5E7-EE6E485EC349}.Debug|x64.Build.0 = Debug|x64
		{7659A371-457B-4D53-B5E7-EE6E485EC349}.Debug|x86.ActiveCfg = Debug|Win32
		{7659A371-457B-4D53-B5E7-EE6E485EC349}.Debug|x86.Build.0 = Debug|Win32
		{7659A371-457B-4D53-B5E7-EE6E485EC349}.Release|x64.ActiveCfg = Release|x64
		{7659A371-457B-4D53-B5E7-EE6E485EC349}.Release|x64.Build.0 = Release|x64
		{7659A371-457B-4D53-B5E7-EE6E485EC349}.Release|x86.ActiveCfg = Release|Win32
		{7659A371-457B-4D53-B5E7-EE6E485EC349}.Release|x86.Build.0 = Release|Win32
		{5F1346A2-7325-44F6-9E03-1598FC494C0F}.Debug|x64.ActiveCfg = Debug|x64
		{5F1346A2-7325-44F6-9E03-1598FC494C0F}.Debug|x64.Build.0 = Debug|x64
		{5F1346A2-7325-44F6-9E03-1598FC494C0F}.Debug|x86.ActiveCfg = Debug|Win32
		{5F1346A2-7325-44F6-9E03-1598FC494C0F}.Debug|x86.Build.0 = Debug|Win32
		{5F1346A2-7325-44F6-9E03-1598FC494C0F}.Release|x64.ActiveCfg = Release|x64
		{5F1346A2-7325-44F6-9E03-1598FC494C0F}.Release|x64.Build.0 = Release|x64
		{5F1346A2-7325-44F6-9E03-1598FC494C0F}.Release|x86.ActiveCfg = Release|Win32
		{5F1346A2-7325-44F6-9E03-1598FC494C0F}.Release|x86.Build.0 = Release|Win32
	EndGlobalSection
	GlobalSection(SolutionProperties) = preSolution
		HideSolutionNode = FALSE
	EndGlobalSection
	GlobalSection(ExtensibilityGlobals) = postSolution
		SolutionGuid = {EDBEBECF-8458-416B-B50E-FC0B88C5A007}
	EndGlobalSection
EndGlobal
